
Microsoft Visual Studio Solution File, Format Version 12.00
# Visual Studio Version 17
VisualStudioVersion = 17.9.34622.214
MinimumVisualStudioVersion = 10.0.40219.1
Project("{FAE04EC0-301F-11D3-BF4B-00C04F79EFBC}") = "GetStartedDebugging", "GetStartedDebugging.csproj", "{49F9546C-6BF5-4211-8FEE-6963DAB30744}"
EndProject
Global
	GlobalSection(SolutionConfigurationPlatforms) = preSolution
		Debug|Any CPU = Debug|Any CPU
		Release|Any CPU = Release|Any CPU
	EndGlobalSection
	GlobalSection(ProjectConfigurationPlatforms) = postSolution
		{49F9546C-6BF5-4211-8FEE-6963DAB30744}.Debug|Any CPU.ActiveCfg = Debug|Any CPU
		{49F9546C-6BF5-4211-8FEE-6963DAB30744}.Debug|Any CPU.Build.0 = Debug|Any CPU
		{49F9546C-6BF5-4211-8FEE-6963DAB30744}.Release|Any CPU.ActiveCfg = Release|Any CPU
		{49F9546C-6BF5-4211-8FEE-6963DAB30744}.Release|Any CPU.Build.0 = Release|Any CPU
	EndGlobalSection
	GlobalSection(SolutionProperties) = preSolution
		HideSolutionNode = FALSE
	EndGlobalSection
	GlobalSection(ExtensibilityGlobals) = postSolution
		SolutionGuid = {6F6844AE-35F1-42A4-86C5-AECCDE1D8F34}
	EndGlobalSection
EndGlobal
